
Microsoft Visual Studio Solution File, Format Version 10.00
# Visual C++ Express 2008
Project("{8BC9CEB8-8B4A-11D0-8D11-00A0C91BC942}") = "Primer_Modul_Style", "Primer_Modul_Style.vcproj", "{51D53C4C-2673-4B56-9D07-539B9A57C870}"
EndProject
Global
	GlobalSection(SolutionConfigurationPlatforms) = preSolution
		Debug|Win32 = Debug|Win32
		Release|Win32 = Release|Win32
	EndGlobalSection
	GlobalSection(ProjectConfigurationPlatforms) = postSolution
		{51D53C4C-2673-4B56-9D07-539B9A57C870}.Debug|Win32.ActiveCfg = Debug|Win32
		{51D53C4C-2673-4B56-9D07-539B9A57C870}.Debug|Win32.Build.0 = Debug|Win32
		{51D53C4C-2673-4B56-9D07-539B9A57C870}.Release|Win32.ActiveCfg = Release|Win32
		{51D53C4C-2673-4B56-9D07-539B9A57C870}.Release|Win32.Build.0 = Release|Win32
	EndGlobalSection
	GlobalSection(SolutionProperties) = preSolution
		HideSolutionNode = FALSE
	EndGlobalSection
EndGlobal
