
Microsoft Visual Studio Solution File, Format Version 10.00
# Visual C++ Express 2008
Project("{8BC9CEB8-8B4A-11D0-8D11-00A0C91BC942}") = "Primers_String", "Primers_String.vcproj", "{7566C8FF-CF5B-4B9D-BF29-C40445AA606C}"
EndProject
Global
	GlobalSection(SolutionConfigurationPlatforms) = preSolution
		Debug|Win32 = Debug|Win32
		Release|Win32 = Release|Win32
	EndGlobalSection
	GlobalSection(ProjectConfigurationPlatforms) = postSolution
		{7566C8FF-CF5B-4B9D-BF29-C40445AA606C}.Debug|Win32.ActiveCfg = Debug|Win32
		{7566C8FF-CF5B-4B9D-BF29-C40445AA606C}.Debug|Win32.Build.0 = Debug|Win32
		{7566C8FF-CF5B-4B9D-BF29-C40445AA606C}.Release|Win32.ActiveCfg = Release|Win32
		{7566C8FF-CF5B-4B9D-BF29-C40445AA606C}.Release|Win32.Build.0 = Release|Win32
	EndGlobalSection
	GlobalSection(SolutionProperties) = preSolution
		HideSolutionNode = FALSE
	EndGlobalSection
EndGlobal
