
Microsoft Visual Studio Solution File, Format Version 10.00
# Visual C++ Express 2008
Project("{8BC9CEB8-8B4A-11D0-8D11-00A0C91BC942}") = "Pointer_1", "Pointer_1.vcproj", "{260C7604-C097-4B5C-94BF-D058FE3E228A}"
EndProject
Global
	GlobalSection(SolutionConfigurationPlatforms) = preSolution
		Debug|Win32 = Debug|Win32
		Release|Win32 = Release|Win32
	EndGlobalSection
	GlobalSection(ProjectConfigurationPlatforms) = postSolution
		{260C7604-C097-4B5C-94BF-D058FE3E228A}.Debug|Win32.ActiveCfg = Debug|Win32
		{260C7604-C097-4B5C-94BF-D058FE3E228A}.Debug|Win32.Build.0 = Debug|Win32
		{260C7604-C097-4B5C-94BF-D058FE3E228A}.Release|Win32.ActiveCfg = Release|Win32
		{260C7604-C097-4B5C-94BF-D058FE3E228A}.Release|Win32.Build.0 = Release|Win32
	EndGlobalSection
	GlobalSection(SolutionProperties) = preSolution
		HideSolutionNode = FALSE
	EndGlobalSection
EndGlobal
